
Microsoft Visual Studio Solution File, Format Version 12.00
# Visual Studio Version 17
VisualStudioVersion = 17.9.34622.214
MinimumVisualStudioVersion = 10.0.40219.1
Project("{9A19103F-16F7-4668-BE54-9A1E7A4F7556}") = "Blazor.Virtualization", "Blazor.Virtualization\Blazor.Virtualization.csproj", "{B1AFD019-896E-43B7-B9C2-90E47310849C}"
EndProject
Project("{FAE04EC0-301F-11D3-BF4B-00C04F79EFBC}") = "BlazorApp1", "BlazorApp1\BlazorApp1.csproj", "{019875E6-E814-47A8-B0D2-FF0BF30F4253}"
EndProject
Global
	GlobalSection(SolutionConfigurationPlatforms) = preSolution
		Debug|Any CPU = Debug|Any CPU
		Release|Any CPU = Release|Any CPU
	EndGlobalSection
	GlobalSection(ProjectConfigurationPlatforms) = postSolution
		{B1AFD019-896E-43B7-B9C2-90E47310849C}.Debug|Any CPU.ActiveCfg = Debug|Any CPU
		{B1AFD019-896E-43B7-B9C2-90E47310849C}.Debug|Any CPU.Build.0 = Debug|Any CPU
		{B1AFD019-896E-43B7-B9C2-90E47310849C}.Release|Any CPU.ActiveCfg = Release|Any CPU
		{B1AFD019-896E-43B7-B9C2-90E47310849C}.Release|Any CPU.Build.0 = Release|Any CPU
		{019875E6-E814-47A8-B0D2-FF0BF30F4253}.Debug|Any CPU.ActiveCfg = Debug|Any CPU
		{019875E6-E814-47A8-B0D2-FF0BF30F4253}.Debug|Any CPU.Build.0 = Debug|Any CPU
		{019875E6-E814-47A8-B0D2-FF0BF30F4253}.Release|Any CPU.ActiveCfg = Release|Any CPU
		{019875E6-E814-47A8-B0D2-FF0BF30F4253}.Release|Any CPU.Build.0 = Release|Any CPU
	EndGlobalSection
	GlobalSection(SolutionProperties) = preSolution
		HideSolutionNode = FALSE
	EndGlobalSection
	GlobalSection(ExtensibilityGlobals) = postSolution
		SolutionGuid = {01E61463-FC7A-4DC9-95B3-7439293836E3}
	EndGlobalSection
EndGlobal
